
Microsoft Visual Studio Solution File, Format Version 12.00
# Visual Studio Version 16
VisualStudioVersion = 16.0.30711.63
MinimumVisualStudioVersion = 10.0.40219.1
Project("{FAE04EC0-301F-11D3-BF4B-00C04F79EFBC}") = "Space Explorer", "Space Explorer\Space Explorer.csproj", "{DDAB970B-8F5E-4B8E-A078-97B6C618E882}"
EndProject
Global
	GlobalSection(SolutionConfigurationPlatforms) = preSolution
		Debug|Any CPU = Debug|Any CPU
		Release|Any CPU = Release|Any CPU
	EndGlobalSection
	GlobalSection(ProjectConfigurationPlatforms) = postSolution
		{DDAB970B-8F5E-4B8E-A078-97B6C618E882}.Debug|Any CPU.ActiveCfg = Debug|Any CPU
		{DDAB970B-8F5E-4B8E-A078-97B6C618E882}.Debug|Any CPU.Build.0 = Debug|Any CPU
		{DDAB970B-8F5E-4B8E-A078-97B6C618E882}.Release|Any CPU.ActiveCfg = Release|Any CPU
		{DDAB970B-8F5E-4B8E-A078-97B6C618E882}.Release|Any CPU.Build.0 = Release|Any CPU
	EndGlobalSection
	GlobalSection(SolutionProperties) = preSolution
		HideSolutionNode = FALSE
	EndGlobalSection
	GlobalSection(ExtensibilityGlobals) = postSolution
		SolutionGuid = {7F0D0734-1DF5-495C-BF97-097304AB7FB5}
	EndGlobalSection
EndGlobal
